// !$*UTF8*$!
{
	archiveVersion = 1;
	classes = {
	};
	objectVersion = 50;
	objects = {

/* Begin PBXBuildFile section */
		0702022221EC953B00867C8C /* static in Resources */ = {isa = PBXBuildFile; fileRef = 0702022121EC953B00867C8C /* static */; };
		072EBB1821E854850086DCDA /* VDWebViewJSBridge.m in Sources */ = {isa = PBXBuildFile; fileRef = 072EBB1721E854850086DCDA /* VDWebViewJSBridge.m */; };
		072EBB1B21E85A730086DCDA /* VDWebViewScriptMessageHandler.m in Sources */ = {isa = PBXBuildFile; fileRef = 072EBB1A21E85A730086DCDA /* VDWebViewScriptMessageHandler.m */; };
		5A94F1A221CCCA11003F92F4 /* AppDelegate.m in Sources */ = {isa = PBXBuildFile; fileRef = 5A94F1A121CCCA11003F92F4 /* AppDelegate.m */; };
		5A94F1A521CCCA11003F92F4 /* ViewController.m in Sources */ = {isa = PBXBuildFile; fileRef = 5A94F1A421CCCA11003F92F4 /* ViewController.m */; };
		5A94F1A821CCCA11003F92F4 /* Main.storyboard in Resources */ = {isa = PBXBuildFile; fileRef = 5A94F1A621CCCA11003F92F4 /* Main.storyboard */; };
		5A94F1AA21CCCA13003F92F4 /* Assets.xcassets in Resources */ = {isa = PBXBuildFile; fileRef = 5A94F1A921CCCA13003F92F4 /* Assets.xcassets */; };
		5A94F1AD21CCCA13003F92F4 /* LaunchScreen.storyboard in Resources */ = {isa = PBXBuildFile; fileRef = 5A94F1AB21CCCA13003F92F4 /* LaunchScreen.storyboard */; };
		5A94F1B021CCCA13003F92F4 /* main.m in Sources */ = {isa = PBXBuildFile; fileRef = 5A94F1AF21CCCA13003F92F4 /* main.m */; };
		5A94F1BA21CCCA13003F92F4 /* VDWebViewTests.m in Sources */ = {isa = PBXBuildFile; fileRef = 5A94F1B921CCCA13003F92F4 /* VDWebViewTests.m */; };
		5A94F1C521CCCA13003F92F4 /* VDWebViewUITests.m in Sources */ = {isa = PBXBuildFile; fileRef = 5A94F1C421CCCA13003F92F4 /* VDWebViewUITests.m */; };
		5A94F1D521CCCAAE003F92F4 /* VDWebView.m in Sources */ = {isa = PBXBuildFile; fileRef = 5A94F1D421CCCAAE003F92F4 /* VDWebView.m */; };
		5A94F1D821CCCAF2003F92F4 /* WebViewController.m in Sources */ = {isa = PBXBuildFile; fileRef = 5A94F1D621CCCAF2003F92F4 /* WebViewController.m */; };
		5A94F1DC21CCCC98003F92F4 /* wkweb.html in Resources */ = {isa = PBXBuildFile; fileRef = 5A94F1DB21CCCC98003F92F4 /* wkweb.html */; };
/* End PBXBuildFile section */

/* Begin PBXContainerItemProxy section */
		5A94F1B621CCCA13003F92F4 /* PBXContainerItemProxy */ = {
			isa = PBXContainerItemProxy;
			containerPortal = 5A94F19521CCCA11003F92F4 /* Project object */;
			proxyType = 1;
			remoteGlobalIDString = 5A94F19C21CCCA11003F92F4;
			remoteInfo = VDWebView;
		};
		5A94F1C121CCCA13003F92F4 /* PBXContainerItemProxy */ = {
			isa = PBXContainerItemProxy;
			containerPortal = 5A94F19521CCCA11003F92F4 /* Project object */;
			proxyType = 1;
			remoteGlobalIDString = 5A94F19C21CCCA11003F92F4;
			remoteInfo = VDWebView;
		};
/* End PBXContainerItemProxy section */

/* Begin PBXFileReference section */
		0702022121EC953B00867C8C /* static */ = {isa = PBXFileReference; lastKnownFileType = folder; path = static; sourceTree = "<group>"; };
		072EBB1521E848380086DCDA /* VDWebViewProtocol.h */ = {isa = PBXFileReference; lastKnownFileType = sourcecode.c.h; path = VDWebViewProtocol.h; sourceTree = "<group>"; };
		072EBB1621E854850086DCDA /* VDWebViewJSBridge.h */ = {isa = PBXFileReference; lastKnownFileType = sourcecode.c.h; path = VDWebViewJSBridge.h; sourceTree = "<group>"; };
		072EBB1721E854850086DCDA /* VDWebViewJSBridge.m */ = {isa = PBXFileReference; lastKnownFileType = sourcecode.c.objc; path = VDWebViewJSBridge.m; sourceTree = "<group>"; };
		072EBB1921E85A730086DCDA /* VDWebViewScriptMessageHandler.h */ = {isa = PBXFileReference; lastKnownFileType = sourcecode.c.h; path = VDWebViewScriptMessageHandler.h; sourceTree = "<group>"; };
		072EBB1A21E85A730086DCDA /* VDWebViewScriptMessageHandler.m */ = {isa = PBXFileReference; lastKnownFileType = sourcecode.c.objc; path = VDWebViewScriptMessageHandler.m; sourceTree = "<group>"; };
		5A94F19D21CCCA11003F92F4 /* VDWebView.app */ = {isa = PBXFileReference; explicitFileType = wrapper.application; includeInIndex = 0; path = VDWebView.app; sourceTree = BUILT_PRODUCTS_DIR; };
		5A94F1A021CCCA11003F92F4 /* AppDelegate.h */ = {isa = PBXFileReference; lastKnownFileType = sourcecode.c.h; path = AppDelegate.h; sourceTree = "<group>"; };
		5A94F1A121CCCA11003F92F4 /* AppDelegate.m */ = {isa = PBXFileReference; lastKnownFileType = sourcecode.c.objc; path = AppDelegate.m; sourceTree = "<group>"; };
		5A94F1A321CCCA11003F92F4 /* ViewController.h */ = {isa = PBXFileReference; lastKnownFileType = sourcecode.c.h; path = ViewController.h; sourceTree = "<group>"; };
		5A94F1A421CCCA11003F92F4 /* ViewController.m */ = {isa = PBXFileReference; lastKnownFileType = sourcecode.c.objc; path = ViewController.m; sourceTree = "<group>"; };
		5A94F1A721CCCA11003F92F4 /* Base */ = {isa = PBXFileReference; lastKnownFileType = file.storyboard; name = Base; path = Base.lproj/Main.storyboard; sourceTree = "<group>"; };
		5A94F1A921CCCA13003F92F4 /* Assets.xcassets */ = {isa = PBXFileReference; lastKnownFileType = folder.assetcatalog; path = Assets.xcassets; sourceTree = "<group>"; };
		5A94F1AC21CCCA13003F92F4 /* Base */ = {isa = PBXFileReference; lastKnownFileType = file.storyboard; name = Base; path = Base.lproj/LaunchScreen.storyboard; sourceTree = "<group>"; };
		5A94F1AE21CCCA13003F92F4 /* Info.plist */ = {isa = PBXFileReference; lastKnownFileType = text.plist.xml; path = Info.plist; sourceTree = "<group>"; };
		5A94F1AF21CCCA13003F92F4 /* main.m */ = {isa = PBXFileReference; lastKnownFileType = sourcecode.c.objc; path = main.m; sourceTree = "<group>"; };
		5A94F1B521CCCA13003F92F4 /* VDWebViewTests.xctest */ = {isa = PBXFileReference; explicitFileType = wrapper.cfbundle; includeInIndex = 0; path = VDWebViewTests.xctest; sourceTree = BUILT_PRODUCTS_DIR; };
		5A94F1B921CCCA13003F92F4 /* VDWebViewTests.m */ = {isa = PBXFileReference; lastKnownFileType = sourcecode.c.objc; path = VDWebViewTests.m; sourceTree = "<group>"; };
		5A94F1BB21CCCA13003F92F4 /* Info.plist */ = {isa = PBXFileReference; lastKnownFileType = text.plist.xml; path = Info.plist; sourceTree = "<group>"; };
		5A94F1C021CCCA13003F92F4 /* VDWebViewUITests.xctest */ = {isa = PBXFileReference; explicitFileType = wrapper.cfbundle; includeInIndex = 0; path = VDWebViewUITests.xctest; sourceTree = BUILT_PRODUCTS_DIR; };
		5A94F1C421CCCA13003F92F4 /* VDWebViewUITests.m */ = {isa = PBXFileReference; lastKnownFileType = sourcecode.c.objc; path = VDWebViewUITests.m; sourceTree = "<group>"; };
		5A94F1C621CCCA13003F92F4 /* Info.plist */ = {isa = PBXFileReference; lastKnownFileType = text.plist.xml; path = Info.plist; sourceTree = "<group>"; };
		5A94F1D321CCCAAE003F92F4 /* VDWebView.h */ = {isa = PBXFileReference; fileEncoding = 4; lastKnownFileType = sourcecode.c.h; path = VDWebView.h; sourceTree = "<group>"; };
		5A94F1D421CCCAAE003F92F4 /* VDWebView.m */ = {isa = PBXFileReference; fileEncoding = 4; lastKnownFileType = sourcecode.c.objc; path = VDWebView.m; sourceTree = "<group>"; };
		5A94F1D621CCCAF2003F92F4 /* WebViewController.m */ = {isa = PBXFileReference; fileEncoding = 4; lastKnownFileType = sourcecode.c.objc; path = WebViewController.m; sourceTree = "<group>"; };
		5A94F1D721CCCAF2003F92F4 /* WebViewController.h */ = {isa = PBXFileReference; fileEncoding = 4; lastKnownFileType = sourcecode.c.h; path = WebViewController.h; sourceTree = "<group>"; };
		5A94F1DB21CCCC98003F92F4 /* wkweb.html */ = {isa = PBXFileReference; fileEncoding = 4; lastKnownFileType = text.html; path = wkweb.html; sourceTree = "<group>"; };
/* End PBXFileReference section */

/* Begin PBXFrameworksBuildPhase section */
		5A94F19A21CCCA11003F92F4 /* Frameworks */ = {
			isa = PBXFrameworksBuildPhase;
			buildActionMask = 2147483647;
			files = (
			);
			runOnlyForDeploymentPostprocessing = 0;
		};
		5A94F1B221CCCA13003F92F4 /* Frameworks */ = {
			isa = PBXFrameworksBuildPhase;
			buildActionMask = 2147483647;
			files = (
			);
			runOnlyForDeploymentPostprocessing = 0;
		};
		5A94F1BD21CCCA13003F92F4 /* Frameworks */ = {
			isa = PBXFrameworksBuildPhase;
			buildActionMask = 2147483647;
			files = (
			);
			runOnlyForDeploymentPostprocessing = 0;
		};
/* End PBXFrameworksBuildPhase section */

/* Begin PBXGroup section */
		5A94F19421CCCA11003F92F4 = {
			isa = PBXGroup;
			children = (
				5A94F19F21CCCA11003F92F4 /* VDWebView */,
				5A94F1B821CCCA13003F92F4 /* VDWebViewTests */,
				5A94F1C321CCCA13003F92F4 /* VDWebViewUITests */,
				5A94F19E21CCCA11003F92F4 /* Products */,
			);
			sourceTree = "<group>";
		};
		5A94F19E21CCCA11003F92F4 /* Products */ = {
			isa = PBXGroup;
			children = (
				5A94F19D21CCCA11003F92F4 /* VDWebView.app */,
				5A94F1B521CCCA13003F92F4 /* VDWebViewTests.xctest */,
				5A94F1C021CCCA13003F92F4 /* VDWebViewUITests.xctest */,
			);
			name = Products;
			sourceTree = "<group>";
		};
		5A94F19F21CCCA11003F92F4 /* VDWebView */ = {
			isa = PBXGroup;
			children = (
				5A94F1D921CCCC98003F92F4 /* Source */,
				5A94F1D221CCCA70003F92F4 /* VDWebView */,
				5A94F1A021CCCA11003F92F4 /* AppDelegate.h */,
				5A94F1A121CCCA11003F92F4 /* AppDelegate.m */,
				5A94F1A321CCCA11003F92F4 /* ViewController.h */,
				5A94F1A421CCCA11003F92F4 /* ViewController.m */,
				5A94F1D721CCCAF2003F92F4 /* WebViewController.h */,
				5A94F1D621CCCAF2003F92F4 /* WebViewController.m */,
				5A94F1A621CCCA11003F92F4 /* Main.storyboard */,
				5A94F1A921CCCA13003F92F4 /* Assets.xcassets */,
				5A94F1AB21CCCA13003F92F4 /* LaunchScreen.storyboard */,
				5A94F1AE21CCCA13003F92F4 /* Info.plist */,
				5A94F1AF21CCCA13003F92F4 /* main.m */,
			);
			path = VDWebView;
			sourceTree = "<group>";
		};
		5A94F1B821CCCA13003F92F4 /* VDWebViewTests */ = {
			isa = PBXGroup;
			children = (
				5A94F1B921CCCA13003F92F4 /* VDWebViewTests.m */,
				5A94F1BB21CCCA13003F92F4 /* Info.plist */,
			);
			path = VDWebViewTests;
			sourceTree = "<group>";
		};
		5A94F1C321CCCA13003F92F4 /* VDWebViewUITests */ = {
			isa = PBXGroup;
			children = (
				5A94F1C421CCCA13003F92F4 /* VDWebViewUITests.m */,
				5A94F1C621CCCA13003F92F4 /* Info.plist */,
			);
			path = VDWebViewUITests;
			sourceTree = "<group>";
		};
		5A94F1D221CCCA70003F92F4 /* VDWebView */ = {
			isa = PBXGroup;
			children = (
				5A94F1D321CCCAAE003F92F4 /* VDWebView.h */,
				5A94F1D421CCCAAE003F92F4 /* VDWebView.m */,
				072EBB1521E848380086DCDA /* VDWebViewProtocol.h */,
				072EBB1921E85A730086DCDA /* VDWebViewScriptMessageHandler.h */,
				072EBB1A21E85A730086DCDA /* VDWebViewScriptMessageHandler.m */,
				072EBB1621E854850086DCDA /* VDWebViewJSBridge.h */,
				072EBB1721E854850086DCDA /* VDWebViewJSBridge.m */,
			);
			path = VDWebView;
			sourceTree = "<group>";
		};
		5A94F1D921CCCC98003F92F4 /* Source */ = {
			isa = PBXGroup;
			children = (
				5A94F1DA21CCCC98003F92F4 /* html */,
			);
			path = Source;
			sourceTree = "<group>";
		};
		5A94F1DA21CCCC98003F92F4 /* html */ = {
			isa = PBXGroup;
			children = (
				0702022121EC953B00867C8C /* static */,
				5A94F1DB21CCCC98003F92F4 /* wkweb.html */,
			);
			path = html;
			sourceTree = "<group>";
		};
/* End PBXGroup section */

/* Begin PBXNativeTarget section */
		5A94F19C21CCCA11003F92F4 /* VDWebView */ = {
			isa = PBXNativeTarget;
			buildConfigurationList = 5A94F1C921CCCA13003F92F4 /* Build configuration list for PBXNativeTarget "VDWebView" */;
			buildPhases = (
				5A94F19921CCCA11003F92F4 /* Sources */,
				5A94F19A21CCCA11003F92F4 /* Frameworks */,
				5A94F19B21CCCA11003F92F4 /* Resources */,
			);
			buildRules = (
			);
			dependencies = (
			);
			name = VDWebView;
			productName = VDWebView;
			productReference = 5A94F19D21CCCA11003F92F4 /* VDWebView.app */;
			productType = "com.apple.product-type.application";
		};
		5A94F1B421CCCA13003F92F4 /* VDWebViewTests */ = {
			isa = PBXNativeTarget;
			buildConfigurationList = 5A94F1CC21CCCA13003F92F4 /* Build configuration list for PBXNativeTarget "VDWebViewTests" */;
			buildPhases = (
				5A94F1B121CCCA13003F92F4 /* Sources */,
				5A94F1B221CCCA13003F92F4 /* Frameworks */,
				5A94F1B321CCCA13003F92F4 /* Resources */,
			);
			buildRules = (
			);
			dependencies = (
				5A94F1B721CCCA13003F92F4 /* PBXTargetDependency */,
			);
			name = VDWebViewTests;
			productName = VDWebViewTests;
			productReference = 5A94F1B521CCCA13003F92F4 /* VDWebViewTests.xctest */;
			productType = "com.apple.product-type.bundle.unit-test";
		};
		5A94F1BF21CCCA13003F92F4 /* VDWebViewUITests */ = {
			isa = PBXNativeTarget;
			buildConfigurationList = 5A94F1CF21CCCA13003F92F4 /* Build configuration list for PBXNativeTarget "VDWebViewUITests" */;
			buildPhases = (
				5A94F1BC21CCCA13003F92F4 /* Sources */,
				5A94F1BD21CCCA13003F92F4 /* Frameworks */,
				5A94F1BE21CCCA13003F92F4 /* Resources */,
			);
			buildRules = (
			);
			dependencies = (
				5A94F1C221CCCA13003F92F4 /* PBXTargetDependency */,
			);
			name = VDWebViewUITests;
			productName = VDWebViewUITests;
			productReference = 5A94F1C021CCCA13003F92F4 /* VDWebViewUITests.xctest */;
			productType = "com.apple.product-type.bundle.ui-testing";
		};
/* End PBXNativeTarget section */

/* Begin PBXProject section */
		5A94F19521CCCA11003F92F4 /* Project object */ = {
			isa = PBXProject;
			attributes = {
				LastUpgradeCheck = 1010;
				ORGANIZATIONNAME = volientDuan;
				TargetAttributes = {
					5A94F19C21CCCA11003F92F4 = {
						CreatedOnToolsVersion = 10.1;
					};
					5A94F1B421CCCA13003F92F4 = {
						CreatedOnToolsVersion = 10.1;
						TestTargetID = 5A94F19C21CCCA11003F92F4;
					};
					5A94F1BF21CCCA13003F92F4 = {
						CreatedOnToolsVersion = 10.1;
						TestTargetID = 5A94F19C21CCCA11003F92F4;
					};
				};
			};
			buildConfigurationList = 5A94F19821CCCA11003F92F4 /* Build configuration list for PBXProject "VDWebView" */;
			compatibilityVersion = "Xcode 9.3";
			developmentRegion = en;
			hasScannedForEncodings = 0;
			knownRegions = (
				en,
				Base,
			);
			mainGroup = 5A94F19421CCCA11003F92F4;
			productRefGroup = 5A94F19E21CCCA11003F92F4 /* Products */;
			projectDirPath = "";
			projectRoot = "";
			targets = (
				5A94F19C21CCCA11003F92F4 /* VDWebView */,
				5A94F1B421CCCA13003F92F4 /* VDWebViewTests */,
				5A94F1BF21CCCA13003F92F4 /* VDWebViewUITests */,
			);
		};
/* End PBXProject section */

/* Begin PBXResourcesBuildPhase section */
		5A94F19B21CCCA11003F92F4 /* Resources */ = {
			isa = PBXResourcesBuildPhase;
			buildActionMask = 2147483647;
			files = (
				0702022221EC953B00867C8C /* static in Resources */,
				5A94F1AD21CCCA13003F92F4 /* LaunchScreen.storyboard in Resources */,
				5A94F1DC21CCCC98003F92F4 /* wkweb.html in Resources */,
				5A94F1AA21CCCA13003F92F4 /* Assets.xcassets in Resources */,
				5A94F1A821CCCA11003F92F4 /* Main.storyboard in Resources */,
			);
			runOnlyForDeploymentPostprocessing = 0;
		};
		5A94F1B321CCCA13003F92F4 /* Resources */ = {
			isa = PBXResourcesBuildPhase;
			buildActionMask = 2147483647;
			files = (
			);
			runOnlyForDeploymentPostprocessing = 0;
		};
		5A94F1BE21CCCA13003F92F4 /* Resources */ = {
			isa = PBXResourcesBuildPhase;
			buildActionMask = 2147483647;
			files = (
			);
			runOnlyForDeploymentPostprocessing = 0;
		};
/* End PBXResourcesBuildPhase section */

/* Begin PBXSourcesBuildPhase section */
		5A94F19921CCCA11003F92F4 /* Sources */ = {
			isa = PBXSourcesBuildPhase;
			buildActionMask = 2147483647;
			files = (
				5A94F1A521CCCA11003F92F4 /* ViewController.m in Sources */,
				072EBB1821E854850086DCDA /* VDWebViewJSBridge.m in Sources */,
				072EBB1B21E85A730086DCDA /* VDWebViewScriptMessageHandler.m in Sources */,
				5A94F1D821CCCAF2003F92F4 /* WebViewController.m in Sources */,
				5A94F1D521CCCAAE003F92F4 /* VDWebView.m in Sources */,
				5A94F1B021CCCA13003F92F4 /* main.m in Sources */,
				5A94F1A221CCCA11003F92F4 /* AppDelegate.m in Sources */,
			);
			runOnlyForDeploymentPostprocessing = 0;
		};
		5A94F1B121CCCA13003F92F4 /* Sources */ = {
			isa = PBXSourcesBuildPhase;
			buildActionMask = 2147483647;
			files = (
				5A94F1BA21CCCA13003F92F4 /* VDWebViewTests.m in Sources */,
			);
			runOnlyForDeploymentPostprocessing = 0;
		};
		5A94F1BC21CCCA13003F92F4 /* Sources */ = {
			isa = PBXSourcesBuildPhase;
			buildActionMask = 2147483647;
			files = (
				5A94F1C521CCCA13003F92F4 /* VDWebViewUITests.m in Sources */,
			);
			runOnlyForDeploymentPostprocessing = 0;
		};
/* End PBXSourcesBuildPhase section */

/* Begin PBXTargetDependency section */
		5A94F1B721CCCA13003F92F4 /* PBXTargetDependency */ = {
			isa = PBXTargetDependency;
			target = 5A94F19C21CCCA11003F92F4 /* VDWebView */;
			targetProxy = 5A94F1B621CCCA13003F92F4 /* PBXContainerItemProxy */;
		};
		5A94F1C221CCCA13003F92F4 /* PBXTargetDependency */ = {
			isa = PBXTargetDependency;
			target = 5A94F19C21CCCA11003F92F4 /* VDWebView */;
			targetProxy = 5A94F1C121CCCA13003F92F4 /* PBXContainerItemProxy */;
		};
/* End PBXTargetDependency section */

/* Begin PBXVariantGroup section */
		5A94F1A621CCCA11003F92F4 /* Main.storyboard */ = {
			isa = PBXVariantGroup;
			children = (
				5A94F1A721CCCA11003F92F4 /* Base */,
			);
			name = Main.storyboard;
			sourceTree = "<group>";
		};
		5A94F1AB21CCCA13003F92F4 /* LaunchScreen.storyboard */ = {
			isa = PBXVariantGroup;
			children = (
				5A94F1AC21CCCA13003F92F4 /* Base */,
			);
			name = LaunchScreen.storyboard;
			sourceTree = "<group>";
		};
/* End PBXVariantGroup section */

/* Begin XCBuildConfiguration section */
		5A94F1C721CCCA13003F92F4 /* Debug */ = {
			isa = XCBuildConfiguration;
			buildSettings = {
				ALWAYS_SEARCH_USER_PATHS = NO;
				CLANG_ANALYZER_NONNULL = YES;
				CLANG_ANALYZER_NUMBER_OBJECT_CONVERSION = YES_AGGRESSIVE;
				CLANG_CXX_LANGUAGE_STANDARD = "gnu++14";
				CLANG_CXX_LIBRARY = "libc++";
				CLANG_ENABLE_MODULES = YES;
				CLANG_ENABLE_OBJC_ARC = YES;
				CLANG_ENABLE_OBJC_WEAK = YES;
				CLANG_WARN_BLOCK_CAPTURE_AUTORELEASING = YES;
				CLANG_WARN_BOOL_CONVERSION = YES;
				CLANG_WARN_COMMA = YES;
				CLANG_WARN_CONSTANT_CONVERSION = YES;
				CLANG_WARN_DEPRECATED_OBJC_IMPLEMENTATIONS = YES;
				CLANG_WARN_DIRECT_OBJC_ISA_USAGE = YES_ERROR;
				CLANG_WARN_DOCUMENTATION_COMMENTS = YES;
				CLANG_WARN_EMPTY_BODY = YES;
				CLANG_WARN_ENUM_CONVERSION = YES;
				CLANG_WARN_INFINITE_RECURSION = YES;
				CLANG_WARN_INT_CONVERSION = YES;
				CLANG_WARN_NON_LITERAL_NULL_CONVERSION = YES;
				CLANG_WARN_OBJC_IMPLICIT_RETAIN_SELF = YES;
				CLANG_WARN_OBJC_LITERAL_CONVERSION = YES;
				CLANG_WARN_OBJC_ROOT_CLASS = YES_ERROR;
				CLANG_WARN_RANGE_LOOP_ANALYSIS = YES;
				CLANG_WARN_STRICT_PROTOTYPES = YES;
				CLANG_WARN_SUSPICIOUS_MOVE = YES;
				CLANG_WARN_UNGUARDED_AVAILABILITY = YES_AGGRESSIVE;
				CLANG_WARN_UNREACHABLE_CODE = YES;
				CLANG_WARN__DUPLICATE_METHOD_MATCH = YES;
				CODE_SIGN_IDENTITY = "iPhone Developer";
				COPY_PHASE_STRIP = NO;
				DEBUG_INFORMATION_FORMAT = dwarf;
				ENABLE_STRICT_OBJC_MSGSEND = YES;
				ENABLE_TESTABILITY = YES;
				GCC_C_LANGUAGE_STANDARD = gnu11;
				GCC_DYNAMIC_NO_PIC = NO;
				GCC_NO_COMMON_BLOCKS = YES;
				GCC_OPTIMIZATION_LEVEL = 0;
				GCC_PREPROCESSOR_DEFINITIONS = (
					"DEBUG=1",
					"$(inherited)",
				);
				GCC_WARN_64_TO_32_BIT_CONVERSION = YES;
				GCC_WARN_ABOUT_RETURN_TYPE = YES_ERROR;
				GCC_WARN_UNDECLARED_SELECTOR = YES;
				GCC_WARN_UNINITIALIZED_AUTOS = YES_AGGRESSIVE;
				GCC_WARN_UNUSED_FUNCTION = YES;
				GCC_WARN_UNUSED_VARIABLE = YES;
				IPHONEOS_DEPLOYMENT_TARGET = 8.0;
				MTL_ENABLE_DEBUG_INFO = INCLUDE_SOURCE;
				MTL_FAST_MATH = YES;
				ONLY_ACTIVE_ARCH = YES;
				SDKROOT = iphoneos;
			};
			name = Debug;
		};
		5A94F1C821CCCA13003F92F4 /* Release */ = {
			isa = XCBuildConfiguration;
			buildSettings = {
				ALWAYS_SEARCH_USER_PATHS = NO;
				CLANG_ANALYZER_NONNULL = YES;
				CLANG_ANALYZER_NUMBER_OBJECT_CONVERSION = YES_AGGRESSIVE;
				CLANG_CXX_LANGUAGE_STANDARD = "gnu++14";
				CLANG_CXX_LIBRARY = "libc++";
				CLANG_ENABLE_MODULES = YES;
				CLANG_ENABLE_OBJC_ARC = YES;
				CLANG_ENABLE_OBJC_WEAK = YES;
				CLANG_WARN_BLOCK_CAPTURE_AUTORELEASING = YES;
				CLANG_WARN_BOOL_CONVERSION = YES;
				CLANG_WARN_COMMA = YES;
				CLANG_WARN_CONSTANT_CONVERSION = YES;
				CLANG_WARN_DEPRECATED_OBJC_IMPLEMENTATIONS = YES;
				CLANG_WARN_DIRECT_OBJC_ISA_USAGE = YES_ERROR;
				CLANG_WARN_DOCUMENTATION_COMMENTS = YES;
				CLANG_WARN_EMPTY_BODY = YES;
				CLANG_WARN_ENUM_CONVERSION = YES;
				CLANG_WARN_INFINITE_RECURSION = YES;
				CLANG_WARN_INT_CONVERSION = YES;
				CLANG_WARN_NON_LITERAL_NULL_CONVERSION = YES;
				CLANG_WARN_OBJC_IMPLICIT_RETAIN_SELF = YES;
				CLANG_WARN_OBJC_LITERAL_CONVERSION = YES;
				CLANG_WARN_OBJC_ROOT_CLASS = YES_ERROR;
				CLANG_WARN_RANGE_LOOP_ANALYSIS = YES;
				CLANG_WARN_STRICT_PROTOTYPES = YES;
				CLANG_WARN_SUSPICIOUS_MOVE = YES;
				CLANG_WARN_UNGUARDED_AVAILABILITY = YES_AGGRESSIVE;
				CLANG_WARN_UNREACHABLE_CODE = YES;
				CLANG_WARN__DUPLICATE_METHOD_MATCH = YES;
				CODE_SIGN_IDENTITY = "iPhone Developer";
				COPY_PHASE_STRIP = NO;
				DEBUG_INFORMATION_FORMAT = "dwarf-with-dsym";
				ENABLE_NS_ASSERTIONS = NO;
				ENABLE_STRICT_OBJC_MSGSEND = YES;
				GCC_C_LANGUAGE_STANDARD = gnu11;
				GCC_NO_COMMON_BLOCKS = YES;
				GCC_WARN_64_TO_32_BIT_CONVERSION = YES;
				GCC_WARN_ABOUT_RETURN_TYPE = YES_ERROR;
				GCC_WARN_UNDECLARED_SELECTOR = YES;
				GCC_WARN_UNINITIALIZED_AUTOS = YES_AGGRESSIVE;
				GCC_WARN_UNUSED_FUNCTION = YES;
				GCC_WARN_UNUSED_VARIABLE = YES;
				IPHONEOS_DEPLOYMENT_TARGET = 8.0;
				MTL_ENABLE_DEBUG_INFO = NO;
				MTL_FAST_MATH = YES;
				SDKROOT = iphoneos;
				VALIDATE_PRODUCT = YES;
			};
			name = Release;
		};
		5A94F1CA21CCCA13003F92F4 /* Debug */ = {
			isa = XCBuildConfiguration;
			buildSettings = {
				ASSETCATALOG_COMPILER_APPICON_NAME = AppIcon;
				CODE_SIGN_STYLE = Automatic;
				DEVELOPMENT_TEAM = X2GM9ZBPQT;
				INFOPLIST_FILE = VDWebView/Info.plist;
				LD_RUNPATH_SEARCH_PATHS = (
					"$(inherited)",
					"@executable_path/Frameworks",
				);
				PRODUCT_BUNDLE_IDENTIFIER = com.volient.eleme;
				PRODUCT_NAME = "$(TARGET_NAME)";
				TARGETED_DEVICE_FAMILY = "1,2";
			};
			name = Debug;
		};
		5A94F1CB21CCCA13003F92F4 /* Release */ = {
			isa = XCBuildConfiguration;
			buildSettings = {
				ASSETCATALOG_COMPILER_APPICON_NAME = AppIcon;
				CODE_SIGN_STYLE = Automatic;
				DEVELOPMENT_TEAM = X2GM9ZBPQT;
				INFOPLIST_FILE = VDWebView/Info.plist;
				LD_RUNPATH_SEARCH_PATHS = (
					"$(inherited)",
					"@executable_path/Frameworks",
				);
				PRODUCT_BUNDLE_IDENTIFIER = com.volient.eleme;
				PRODUCT_NAME = "$(TARGET_NAME)";
				TARGETED_DEVICE_FAMILY = "1,2";
			};
			name = Release;
		};
		5A94F1CD21CCCA13003F92F4 /* Debug */ = {
			isa = XCBuildConfiguration;
			buildSettings = {
				BUNDLE_LOADER = "$(TEST_HOST)";
				CODE_SIGN_STYLE = Automatic;
				DEVELOPMENT_TEAM = M6Z935H8QD;
				INFOPLIST_FILE = VDWebViewTests/Info.plist;
				LD_RUNPATH_SEARCH_PATHS = (
					"$(inherited)",
					"@executable_path/Frameworks",
					"@loader_path/Frameworks",
				);
				PRODUCT_BUNDLE_IDENTIFIER = com.volient.VDWebViewTests;
				PRODUCT_NAME = "$(TARGET_NAME)";
				TARGETED_DEVICE_FAMILY = "1,2";
				TEST_HOST = "$(BUILT_PRODUCTS_DIR)/VDWebView.app/VDWebView";
			};
			name = Debug;
		};
		5A94F1CE21CCCA13003F92F4 /* Release */ = {
			isa = XCBuildConfiguration;
			buildSettings = {
				BUNDLE_LOADER = "$(TEST_HOST)";
				CODE_SIGN_STYLE = Automatic;
				DEVELOPMENT_TEAM = M6Z935H8QD;
				INFOPLIST_FILE = VDWebViewTests/Info.plist;
				LD_RUNPATH_SEARCH_PATHS = (
					"$(inherited)",
					"@executable_path/Frameworks",
					"@loader_path/Frameworks",
				);
				PRODUCT_BUNDLE_IDENTIFIER = com.volient.VDWebViewTests;
				PRODUCT_NAME = "$(TARGET_NAME)";
				TARGETED_DEVICE_FAMILY = "1,2";
				TEST_HOST = "$(BUILT_PRODUCTS_DIR)/VDWebView.app/VDWebView";
			};
			name = Release;
		};
		5A94F1D021CCCA13003F92F4 /* Debug */ = {
			isa = XCBuildConfiguration;
			buildSettings = {
				CODE_SIGN_STYLE = Automatic;
				DEVELOPMENT_TEAM = M6Z935H8QD;
				INFOPLIST_FILE = VDWebViewUITests/Info.plist;
				LD_RUNPATH_SEARCH_PATHS = (
					"$(inherited)",
					"@executable_path/Frameworks",
					"@loader_path/Frameworks",
				);
				PRODUCT_BUNDLE_IDENTIFIER = com.volient.VDWebViewUITests;
				PRODUCT_NAME = "$(TARGET_NAME)";
				TARGETED_DEVICE_FAMILY = "1,2";
				TEST_TARGET_NAME = VDWebView;
			};
			name = Debug;
		};
		5A94F1D121CCCA13003F92F4 /* Release */ = {
			isa = XCBuildConfiguration;
			buildSettings = {
				CODE_SIGN_STYLE = Automatic;
				DEVELOPMENT_TEAM = M6Z935H8QD;
				INFOPLIST_FILE = VDWebViewUITests/Info.plist;
				LD_RUNPATH_SEARCH_PATHS = (
					"$(inherited)",
					"@executable_path/Frameworks",
					"@loader_path/Frameworks",
				);
				PRODUCT_BUNDLE_IDENTIFIER = com.volient.VDWebViewUITests;
				PRODUCT_NAME = "$(TARGET_NAME)";
				TARGETED_DEVICE_FAMILY = "1,2";
				TEST_TARGET_NAME = VDWebView;
			};
			name = Release;
		};
/* End XCBuildConfiguration section */

/* Begin XCConfigurationList section */
		5A94F19821CCCA11003F92F4 /* Build configuration list for PBXProject "VDWebView" */ = {
			isa = XCConfigurationList;
			buildConfigurations = (
				5A94F1C721CCCA13003F92F4 /* Debug */,
				5A94F1C821CCCA13003F92F4 /* Release */,
			);
			defaultConfigurationIsVisible = 0;
			defaultConfigurationName = Release;
		};
		5A94F1C921CCCA13003F92F4 /* Build configuration list for PBXNativeTarget "VDWebView" */ = {
			isa = XCConfigurationList;
			buildConfigurations = (
				5A94F1CA21CCCA13003F92F4 /* Debug */,
				5A94F1CB21CCCA13003F92F4 /* Release */,
			);
			defaultConfigurationIsVisible = 0;
			defaultConfigurationName = Release;
		};
		5A94F1CC21CCCA13003F92F4 /* Build configuration list for PBXNativeTarget "VDWebViewTests" */ = {
			isa = XCConfigurationList;
			buildConfigurations = (
				5A94F1CD21CCCA13003F92F4 /* Debug */,
				5A94F1CE21CCCA13003F92F4 /* Release */,
			);
			defaultConfigurationIsVisible = 0;
			defaultConfigurationName = Release;
		};
		5A94F1CF21CCCA13003F92F4 /* Build configuration list for PBXNativeTarget "VDWebViewUITests" */ = {
			isa = XCConfigurationList;
			buildConfigurations = (
				5A94F1D021CCCA13003F92F4 /* Debug */,
				5A94F1D121CCCA13003F92F4 /* Release */,
			);
			defaultConfigurationIsVisible = 0;
			defaultConfigurationName = Release;
		};
/* End XCConfigurationList section */
	};
	rootObject = 5A94F19521CCCA11003F92F4 /* Project object */;
}
